github.com/Masterminds/squirrel v1.2.0 h1:K1NhbTO21BWG47IVR0OnIZuE0LZcXAYqywrC3Ko53KI=
github.com/Masterminds/squirrel v1.2.0/go.mod h1:yaPeOnPG5ZRwL9oKdTsO/prlkPbXWZlRVMQ/gGlzIuA=
github.com/davecgh/go-spew v1.1.1/go.mod h1:J7Y8YcW2NihsgmVo/mv3lAwl/skON4iLHjSsI+c5H38=
github.com/dgrijalva/jwt-go v3.2.0+incompatible h1:7qlOGliEKZXTDg6OTjfoBKDXWrumCAMpl/TFQ4/5kLM=
github.com/dgrijalva/jwt-go v3.2.0+incompatible/go.mod h1:E3ru+11k8xSBh+hMPgOLZmtrrCbhqsmaPHjLKYnJCaQ=
github.com/godbus/dbus v4.1.0+incompatible h1:WqqLRTsQic3apZUK9qC5sGNfXthmPXzUZ7nQPrNITa4=
github.com/godbus/dbus v4.1.0+incompatible/go.mod h1:/YcGZj5zSblfDWMMoOzV4fas9FZnQYTkDnsGvmh2Grw=
github.com/gorilla/csrf v1.0.3-0.20161122164500-69581736821c h1:3zhqZhA0lHG7qwJutRWPrpg+YAUFMZfpCdhdcZkN1B0=
github.com/gorilla/csrf v1.0.3-0.20161122164500-69581736821c/go.mod h1:hxGa+qNn35co03vt75oDkIVPid4opvgJdE8E7yK0qKs=
github.com/gorilla/mux v1.6.1 h1:KOwqsTYZdeuMacU7CxjMNYEKeBvLbxW+psodrbcEa3A=
github.com/gorilla/mux v1.6.1/go.mod h1:1lud6UwP+6orDFRuTfBEV8e9/aOM/c4fVVCaMa2zaAs=
github.com/gorilla/securecookie v1.1.1 h1:miw7JPhV+b/lAHSXz4qd/nN9jRiAFV5FwjeKyCS8BvQ=
github.com/gorilla/securecookie v1.1.1/go.mod h1:ra0sb63/xPlUeL+yeDciTfxMRAA+MP+HVt/4epWDjd4=
github.com/jessevdk/go-flags v1.4.0 h1:4IU2WS7AumrZ/40jfhf4QVDMsQwqA7VEHozFRrGARJA=
github.com/jessevdk/go-flags v1.4.0/go.mod h1:4FA24M0QyGHXBuZZK/XkWh8h0e1EYbRYJSGM75WSRxI=
github.com/juju/ratelimit v1.0.1 h1:+7AIFJVQ0EQgq/K9+0Krm7m530Du7tIz0METWzN0RgY=
github.com/juju/ratelimit v1.0.1/go.mod h1:qapgC/Gy+xNh9UxzV13HGGl/6UXNN+ct+vwSgWNm/qk=
github.com/juju/usso v0.0.0-20160418121039-5b79b358f4bb h1:GC6ZmfS2OyVW/psihH/NrsDWUO2DOfOdPOVXeJc36Pk=
github.com/juju/usso v0.0.0-20160418121039-5b79b358f4bb/go.mod h1:sHjHrlB/5phHrKswH7VZpKFJhg4RcqsFDR27U3GKViI=
github.com/lann/builder v0.0.0-20180802200727-47ae307949d0 h1:SOEGU9fKiNWd/HOJuq6+3iTQz8KNCLtVX6idSoTLdUw=
github.com/lann/builder v0.0.0-20180802200727-47ae307949d0/go.mod h1:dXGbAdH5GtBTC4WfIxhKZfyBF/HBFgRZSWwZ9g/He9o=
github.com/lann/ps v0.0.0-20150810152359-62de8c46ede0 h1:P6pPBnrTSX3DEVR4fDembhRWSsG5rVo6hYhAB/ADZrk=
github.com/lann/ps v0.0.0-20150810152359-62de8c46ede0/go.mod h1:vmVJ0l/dxyfGW6FmdpVm2joNMFikkuWg0EoCKLGUMNw=
github.com/lib/pq v0.0.0-20180327071824-d34b9ff171c2 h1:hRGSmZu7j271trc9sneMrpOW7GN5ngLm8YUZIPzf394=
github.com/lib/pq v0.0.0-20180327071824-d34b9ff171c2/go.mod h1:5WUZQaWbwv1U+lTReE5YruASi9Al49XbQIvNi/34Woo=
github.com/mattn/go-sqlite3 v1.6.0 h1:TDwTWbeII+88Qy55nWlof0DclgAtI4LqGujkYMzmQII=
github.com/mattn/go-sqlite3 v1.6.0/go.mod h1:FPy6KqzDD04eiIsT53CuJW3U88zkxoIYsOqkbpncsNc=
github.com/ojii/gettext.go v0.0.0-20170120061437-b6dae1d7af8a/go.mod h1:RAenEbzqYb5CZtZ0AyidGtJghWQSuMqufP4TaX3BSKA=
github.com/op/go-logging v0.0.0-20160315200505-970db520ece7/go.mod h1:HzydrMdWErDVzsI23lYNej1Htcns9BCg93Dk0bBINWk=
github.com/pkg/errors v0.8.1-0.20180311214515-816c9085562c h1:SZvPVPsWE261bl8uxQ6Siq+ExNmYomz4CTU9E0ALgj4=
github.com/pkg/errors v0.8.1-0.20180311214515-816c9085562c/go.mod h1:bwawxfHBFNV+L2hUp1rHADufV3IMtnDRdf1r5NINEl0=
github.com/pmezard/go-difflib v1.0.0/go.mod h1:iKH77koFhYxTK1pcRnkKkqfTogsbg7gZNVY4sRDYZ/4=
github.com/snapcore/bolt v1.3.1 h1:ctSvzzI2iPgJuodwoprEf1ufkxOb56e7mxMMhhEhnpc=
github.com/snapcore/bolt v1.3.1/go.mod h1:Z6z3sf12AMDjT/4tbT/PmzzdACAxkWGhkuKWiVpTWLM=
github.com/snapcore/go-gettext v0.0.0-20191107141714-82bbea49e785 h1:PaunR+BhraKSLxt2awQ42zofkP+NKh/VjQ0PjIMk/y4=
github.com/snapcore/go-gettext v0.0.0-20191107141714-82bbea49e785/go.mod h1:D3SsWAXK7wCCBZu+Vk5hc1EuKj/L3XN1puEMXTU4LrQ=
github.com/snapcore/snapd v0.0.0-20200317200833-16631e228c07 h1:UZ3pBbt7o0qIk3aQjbb6OuUM10R25gTXE5S4AwtZTxs=
github.com/snapcore/snapd v0.0.0-20200317200833-16631e228c07/go.mod h1:3xrn7QDDKymcE5VO2rgWEQ5ZAUGb9htfwlXnoel6Io8=
github.com/stretchr/testify v1.2.2/go.mod h1:a8OnRcib4nhh0OaRAV+Yts87kKdq0PP7pXfy6kDkUVs=
github.com/yohcop/openid-go v0.0.0-20170901155220-cfc72ed89575 h1:F9Ehw12Bn3TPbgZMqXm8+Cw3t/wxoq/5IL2KWHCNeSU=
github.com/yohcop/openid-go v0.0.0-20170901155220-cfc72ed89575/go.mod h1:f6elajwZV+xceiaqgRL090YzLEDGSbqr3poGL3ZgXYo=
golang.org/x/crypto v0.0.0-20180409150046-beb2a9779c3b h1:8qH/iv/miaZ4q/LZz6NphuR7r+ygDQP6mzwn2r++vBQ=
golang.org/x/crypto v0.0.0-20180409150046-beb2a9779c3b/go.mod h1:6SG95UA2DQfeDnfUPMdvaQW0Q7yPrPDi9nlGo2tz2b4=
golang.org/x/net v0.0.0-20180406214816-61147c48b25b h1:7rskAFQwNXGW6AD8E/6y0LDHW5mT9rsLD7ViLVFfh5w=
golang.org/x/net v0.0.0-20180406214816-61147c48b25b/go.mod h1:mL1N/T3taQHkDXs73rZJwtUhF3w3ftmwwsq0BUmARs4=
golang.org/x/sys v0.0.0-20180406135729-3b87a42e500a h1:DwI0ihryIiWlRUKL/ii7Snvn4LiL9TvMoVZq3qMbffg=
golang.org/x/sys v0.0.0-20180406135729-3b87a42e500a/go.mod h1:STP8DvDyc/dI5b8T5hshtkjS+E42TnysNCUPdjciGhY=
golang.org/x/xerrors v0.0.0-20191204190536-9bdfabe68543 h1:E7g+9GITq07hpfrRu66IVDexMakfv52eLZ2CXBWiKr4=
golang.org/x/xerrors v0.0.0-20191204190536-9bdfabe68543/go.mod h1:I/5z698sn9Ka8TeJc9MKroUUfqBBauWjQqLJ2OPfmY0=
gopkg.in/check.v1 v0.0.0-20161208181325-20d25e280405/go.mod h1:Co6ibVJAznAaIkqp8huTwlJQCZ016jof/cbN4VW5Yz0=
gopkg.in/check.v1 v1.0.0-20161208181325-20d25e280405 h1:829vOVxxusYHC+IqBtkX5mbKtsY9fheQiQn0MZRVLfQ=
gopkg.in/check.v1 v1.0.0-20161208181325-20d25e280405/go.mod h1:Co6ibVJAznAaIkqp8huTwlJQCZ016jof/cbN4VW5Yz0=
gopkg.in/errgo.v1 v1.0.0-20161222125816-442357a80af5 h1:C61FEf19ZFrkIbSSCWRHvzrtgrcRh/kiH4HZ5VIIqe8=
gopkg.in/errgo.v1 v1.0.0-20161222125816-442357a80af5/go.mod h1:u0ALmqvLRxLI95fkdCEWrE6mhWYZW1aMOJHp5YXLHTg=
gopkg.in/macaroon.v1 v1.0.0-20170816141150-ab101776739e h1:5JJc94TgjWyfnAwSqMyX8BzMRj5E3GRQtG3NL//Yhgg=
gopkg.in/macaroon.v1 v1.0.0-20170816141150-ab101776739e/go.mod h1:PABpHZvxAbIuSYTPWJdQsNu0mtx+HX/1NIm3IT95IX0=
gopkg.in/retry.v1 v1.0.0 h1:3Y8lgzJJvVGK8GKeiUhRpfNqdG3QLrCyVvubUVE4COg=
gopkg.in/retry.v1 v1.0.0/go.mod h1:vVowKz5q49oxHG8AyXjsr6MGDyX2pQRrhjrsAou+stU=
gopkg.in/tomb.v2 v2.0.0-20161208151619-d5d1b5820637 h1:yiW+nvdHb9LVqSHQBXfZCieqV4fzYhNBql77zY0ykqs=
gopkg.in/tomb.v2 v2.0.0-20161208151619-d5d1b5820637/go.mod h1:BHsqpu/nsuzkT5BpiH1EMZPLyqSMM8JbIavyFACoFNk=
gopkg.in/yaml.v2 v2.2.1/go.mod h1:hI93XBmqTisBFMUTm0b8Fm+jr3Dg1NNxqwp+5A1VGuI=
